
Microsoft Visual Studio Solution File, Format Version 12.00
# Visual Studio Version 17
VisualStudioVersion = 17.3.32901.215
MinimumVisualStudioVersion = 10.0.40219.1
Project("{FAE04EC0-301F-11D3-BF4B-00C04F79EFBC}") = "Net6App", "Net6App\Net6App.csproj", "{35CE0021-85E6-4B94-A258-34D88CA55832}"
EndProject
Project("{FAE04EC0-301F-11D3-BF4B-00C04F79EFBC}") = "HelloWorld", "Net6\HelloWorld.csproj", "{57E6D5DB-03FF-49AF-A263-CDB4DD75A3EB}"
EndProject
Global
	GlobalSection(SolutionConfigurationPlatforms) = preSolution
		Debug|Any CPU = Debug|Any CPU
		Release|Any CPU = Release|Any CPU
	EndGlobalSection
	GlobalSection(ProjectConfigurationPlatforms) = postSolution
		{35CE0021-85E6-4B94-A258-34D88CA55832}.Debug|Any CPU.ActiveCfg = Debug|Any CPU
		{35CE0021-85E6-4B94-A258-34D88CA55832}.Debug|Any CPU.Build.0 = Debug|Any CPU
		{35CE0021-85E6-4B94-A258-34D88CA55832}.Release|Any CPU.ActiveCfg = Release|Any CPU
		{35CE0021-85E6-4B94-A258-34D88CA55832}.Release|Any CPU.Build.0 = Release|Any CPU
		{57E6D5DB-03FF-49AF-A263-CDB4DD75A3EB}.Debug|Any CPU.ActiveCfg = Debug|Any CPU
		{57E6D5DB-03FF-49AF-A263-CDB4DD75A3EB}.Debug|Any CPU.Build.0 = Debug|Any CPU
		{57E6D5DB-03FF-49AF-A263-CDB4DD75A3EB}.Release|Any CPU.ActiveCfg = Release|Any CPU
		{57E6D5DB-03FF-49AF-A263-CDB4DD75A3EB}.Release|Any CPU.Build.0 = Release|Any CPU
	EndGlobalSection
	GlobalSection(SolutionProperties) = preSolution
		HideSolutionNode = FALSE
	EndGlobalSection
	GlobalSection(ExtensibilityGlobals) = postSolution
		SolutionGuid = {5DB99333-2789-4597-9478-D3802DE94DD5}
	EndGlobalSection
EndGlobal
